
Microsoft Visual Studio Solution File, Format Version 12.00
# Visual Studio 2012
Project("{FAE04EC0-301F-11D3-BF4B-00C04F79EFBC}") = "Engine", "Engine\Engine.csproj", "{58456D6E-2B42-4E36-9367-2B08B21B3B24}"
EndProject
Project("{FAE04EC0-301F-11D3-BF4B-00C04F79EFBC}") = "PakUtil", "PakUtil\PakUtil.csproj", "{ACA5FD5B-3FB8-4C8D-86BA-3992C071B332}"
EndProject
Project("{FAE04EC0-301F-11D3-BF4B-00C04F79EFBC}") = "EngineTest", "EngineTest\EngineTest.csproj", "{AF9B95B6-D4E9-4956-8873-533B992E4F2D}"
EndProject
Project("{FAE04EC0-301F-11D3-BF4B-00C04F79EFBC}") = "Common", "Common\Common.csproj", "{7BF6A7BC-3B48-4C3F-85AF-88D48791295E}"
EndProject
Project("{FAE04EC0-301F-11D3-BF4B-00C04F79EFBC}") = "DarkGL", "DarkGL\DarkGL.csproj", "{DD7FA289-5FC7-492D-83E9-50B45F9C4064}"
EndProject
Project("{FAE04EC0-301F-11D3-BF4B-00C04F79EFBC}") = "DarkAL", "DarkAL\DarkAL.csproj", "{805435BD-3832-4476-A304-4098450D4ED9}"
EndProject
Project("{FAE04EC0-301F-11D3-BF4B-00C04F79EFBC}") = "TestServer", "TestServer\TestServer.csproj", "{7BAE2AC7-618C-4C10-8450-9FFA575A9120}"
EndProject
Project("{2150E333-8FDC-42A3-9474-1A3956D46DE8}") = "Tools", "Tools", "{1E9F0D50-79F7-4B6C-A235-50D6765B9374}"
EndProject
Project("{2150E333-8FDC-42A3-9474-1A3956D46DE8}") = "Debug", "Debug", "{1F60EFCC-DB60-435C-9FA5-03C488570A91}"
EndProject
Project("{2150E333-8FDC-42A3-9474-1A3956D46DE8}") = "Resource loaders", "Resource loaders", "{47027AF6-366B-45D2-8CE4-0CA0C0D83262}"
EndProject
Project("{FAE04EC0-301F-11D3-BF4B-00C04F79EFBC}") = "ProfilerLogViewer", "ProfilerLogViewer\ProfilerLogViewer.csproj", "{37ACFCAF-1AD0-4A90-AB10-9C50F320AADE}"
EndProject
Global
	GlobalSection(SolutionConfigurationPlatforms) = preSolution
		Debug|Any CPU = Debug|Any CPU
		Release|Any CPU = Release|Any CPU
	EndGlobalSection
	GlobalSection(ProjectConfigurationPlatforms) = postSolution
		{58456D6E-2B42-4E36-9367-2B08B21B3B24}.Debug|Any CPU.ActiveCfg = Debug|Any CPU
		{58456D6E-2B42-4E36-9367-2B08B21B3B24}.Debug|Any CPU.Build.0 = Debug|Any CPU
		{58456D6E-2B42-4E36-9367-2B08B21B3B24}.Release|Any CPU.ActiveCfg = Release|Any CPU
		{58456D6E-2B42-4E36-9367-2B08B21B3B24}.Release|Any CPU.Build.0 = Release|Any CPU
		{ACA5FD5B-3FB8-4C8D-86BA-3992C071B332}.Debug|Any CPU.ActiveCfg = Debug|Any CPU
		{ACA5FD5B-3FB8-4C8D-86BA-3992C071B332}.Debug|Any CPU.Build.0 = Debug|Any CPU
		{ACA5FD5B-3FB8-4C8D-86BA-3992C071B332}.Release|Any CPU.ActiveCfg = Release|Any CPU
		{ACA5FD5B-3FB8-4C8D-86BA-3992C071B332}.Release|Any CPU.Build.0 = Release|Any CPU
		{AF9B95B6-D4E9-4956-8873-533B992E4F2D}.Debug|Any CPU.ActiveCfg = Debug|Any CPU
		{AF9B95B6-D4E9-4956-8873-533B992E4F2D}.Debug|Any CPU.Build.0 = Debug|Any CPU
		{AF9B95B6-D4E9-4956-8873-533B992E4F2D}.Release|Any CPU.ActiveCfg = Release|Any CPU
		{AF9B95B6-D4E9-4956-8873-533B992E4F2D}.Release|Any CPU.Build.0 = Release|Any CPU
		{7BF6A7BC-3B48-4C3F-85AF-88D48791295E}.Debug|Any CPU.ActiveCfg = Debug|Any CPU
		{7BF6A7BC-3B48-4C3F-85AF-88D48791295E}.Debug|Any CPU.Build.0 = Debug|Any CPU
		{7BF6A7BC-3B48-4C3F-85AF-88D48791295E}.Release|Any CPU.ActiveCfg = Release|Any CPU
		{7BF6A7BC-3B48-4C3F-85AF-88D48791295E}.Release|Any CPU.Build.0 = Release|Any CPU
		{DD7FA289-5FC7-492D-83E9-50B45F9C4064}.Debug|Any CPU.ActiveCfg = Debug|Any CPU
		{DD7FA289-5FC7-492D-83E9-50B45F9C4064}.Debug|Any CPU.Build.0 = Debug|Any CPU
		{DD7FA289-5FC7-492D-83E9-50B45F9C4064}.Release|Any CPU.ActiveCfg = Release|Any CPU
		{DD7FA289-5FC7-492D-83E9-50B45F9C4064}.Release|Any CPU.Build.0 = Release|Any CPU
		{805435BD-3832-4476-A304-4098450D4ED9}.Debug|Any CPU.ActiveCfg = Debug|Any CPU
		{805435BD-3832-4476-A304-4098450D4ED9}.Debug|Any CPU.Build.0 = Debug|Any CPU
		{805435BD-3832-4476-A304-4098450D4ED9}.Release|Any CPU.ActiveCfg = Release|Any CPU
		{805435BD-3832-4476-A304-4098450D4ED9}.Release|Any CPU.Build.0 = Release|Any CPU
		{7BAE2AC7-618C-4C10-8450-9FFA575A9120}.Debug|Any CPU.ActiveCfg = Debug|Any CPU
		{7BAE2AC7-618C-4C10-8450-9FFA575A9120}.Debug|Any CPU.Build.0 = Debug|Any CPU
		{7BAE2AC7-618C-4C10-8450-9FFA575A9120}.Release|Any CPU.ActiveCfg = Release|Any CPU
		{7BAE2AC7-618C-4C10-8450-9FFA575A9120}.Release|Any CPU.Build.0 = Release|Any CPU
		{37ACFCAF-1AD0-4A90-AB10-9C50F320AADE}.Debug|Any CPU.ActiveCfg = Debug|Any CPU
		{37ACFCAF-1AD0-4A90-AB10-9C50F320AADE}.Debug|Any CPU.Build.0 = Debug|Any CPU
		{37ACFCAF-1AD0-4A90-AB10-9C50F320AADE}.Release|Any CPU.ActiveCfg = Release|Any CPU
		{37ACFCAF-1AD0-4A90-AB10-9C50F320AADE}.Release|Any CPU.Build.0 = Release|Any CPU
	EndGlobalSection
	GlobalSection(SolutionProperties) = preSolution
		HideSolutionNode = FALSE
	EndGlobalSection
	GlobalSection(NestedProjects) = preSolution
		{ACA5FD5B-3FB8-4C8D-86BA-3992C071B332} = {1E9F0D50-79F7-4B6C-A235-50D6765B9374}
		{37ACFCAF-1AD0-4A90-AB10-9C50F320AADE} = {1E9F0D50-79F7-4B6C-A235-50D6765B9374}
		{AF9B95B6-D4E9-4956-8873-533B992E4F2D} = {1F60EFCC-DB60-435C-9FA5-03C488570A91}
		{7BAE2AC7-618C-4C10-8450-9FFA575A9120} = {1F60EFCC-DB60-435C-9FA5-03C488570A91}
	EndGlobalSection
EndGlobal
